
Microsoft Visual Studio Solution File, Format Version 12.00
# Visual Studio Version 17
VisualStudioVersion = 17.0.31903.59
MinimumVisualStudioVersion = 10.0.40219.1
Project("{2150E333-8FDC-42A3-9474-1A3956D46DE8}") = "src", "src", "{5CC775FA-2EFE-44DB-B887-B038A403F296}"
EndProject
Project("{F2A71F9B-5D33-465A-A702-920D77279786}") = "Sutil", "src\Sutil\Sutil.fsproj", "{E8BF0793-F82A-495E-96BB-41E1CDE00DB4}"
EndProject
Project("{F2A71F9B-5D33-465A-A702-920D77279786}") = "Sutil.Html", "src\Sutil.Html\Sutil.Html.fsproj", "{886FA771-36A1-4C8B-B435-38264B8D7521}"
EndProject
Project("{F2A71F9B-5D33-465A-A702-920D77279786}") = "Sutil.Transition", "src\Sutil.Transition\Sutil.Transition.fsproj", "{1767B8AD-D04E-4AFB-9DE4-5ADB418A1D79}"
EndProject
Project("{F2A71F9B-5D33-465A-A702-920D77279786}") = "Sutil.Bulma", "src\Sutil.Bulma\Sutil.Bulma.fsproj", "{7B0F0228-2F57-4BF3-BCBB-1603E64C0328}"
EndProject
Project("{F2A71F9B-5D33-465A-A702-920D77279786}") = "Sutil.BulmaEngine", "src\Sutil.BulmaEngine\Sutil.BulmaEngine.fsproj", "{2A1F4D46-1BE8-4DCA-9681-58E0B9E12A21}"
EndProject
Project("{F2A71F9B-5D33-465A-A702-920D77279786}") = "EasyBuild", "build\EasyBuild.fsproj", "{B349639E-DD2A-476F-A70C-F5E8617FACE8}"
EndProject
Project("{2150E333-8FDC-42A3-9474-1A3956D46DE8}") = "web", "web", "{34872747-BA6F-47C1-A104-5905333047D4}"
EndProject
Project("{F2A71F9B-5D33-465A-A702-920D77279786}") = "QuickTest", "web\QuickTest\QuickTest.fsproj", "{9A00675A-CDFD-49B6-B169-BCAC355C2159}"
EndProject
Project("{2150E333-8FDC-42A3-9474-1A3956D46DE8}") = "tests", "tests", "{3D9A5B3A-C1C0-4B0E-8981-5DD91A662387}"
EndProject
Project("{F2A71F9B-5D33-465A-A702-920D77279786}") = "Tests", "tests\src\Tests.fsproj", "{478B2AE1-8DEC-4097-97AE-7EA0E4A78047}"
EndProject
Project("{2150E333-8FDC-42A3-9474-1A3956D46DE8}") = "Docs", "Docs", "{61FF4080-0C65-4BA0-9642-99CD9E9963A2}"
EndProject
Project("{F2A71F9B-5D33-465A-A702-920D77279786}") = "Docs", "web\Docs\src\Docs.fsproj", "{D96C80FF-F0A6-4F23-8800-F6A9F6610B3D}"
EndProject
Global
	GlobalSection(SolutionConfigurationPlatforms) = preSolution
		Debug|Any CPU = Debug|Any CPU
		Release|Any CPU = Release|Any CPU
	EndGlobalSection
	GlobalSection(SolutionProperties) = preSolution
		HideSolutionNode = FALSE
	EndGlobalSection
	GlobalSection(ProjectConfigurationPlatforms) = postSolution
		{E8BF0793-F82A-495E-96BB-41E1CDE00DB4}.Debug|Any CPU.ActiveCfg = Debug|Any CPU
		{E8BF0793-F82A-495E-96BB-41E1CDE00DB4}.Debug|Any CPU.Build.0 = Debug|Any CPU
		{E8BF0793-F82A-495E-96BB-41E1CDE00DB4}.Release|Any CPU.ActiveCfg = Release|Any CPU
		{E8BF0793-F82A-495E-96BB-41E1CDE00DB4}.Release|Any CPU.Build.0 = Release|Any CPU
		{886FA771-36A1-4C8B-B435-38264B8D7521}.Debug|Any CPU.ActiveCfg = Debug|Any CPU
		{886FA771-36A1-4C8B-B435-38264B8D7521}.Debug|Any CPU.Build.0 = Debug|Any CPU
		{886FA771-36A1-4C8B-B435-38264B8D7521}.Release|Any CPU.ActiveCfg = Release|Any CPU
		{886FA771-36A1-4C8B-B435-38264B8D7521}.Release|Any CPU.Build.0 = Release|Any CPU
		{1767B8AD-D04E-4AFB-9DE4-5ADB418A1D79}.Debug|Any CPU.ActiveCfg = Debug|Any CPU
		{1767B8AD-D04E-4AFB-9DE4-5ADB418A1D79}.Debug|Any CPU.Build.0 = Debug|Any CPU
		{1767B8AD-D04E-4AFB-9DE4-5ADB418A1D79}.Release|Any CPU.ActiveCfg = Release|Any CPU
		{1767B8AD-D04E-4AFB-9DE4-5ADB418A1D79}.Release|Any CPU.Build.0 = Release|Any CPU
		{7B0F0228-2F57-4BF3-BCBB-1603E64C0328}.Debug|Any CPU.ActiveCfg = Debug|Any CPU
		{7B0F0228-2F57-4BF3-BCBB-1603E64C0328}.Debug|Any CPU.Build.0 = Debug|Any CPU
		{7B0F0228-2F57-4BF3-BCBB-1603E64C0328}.Release|Any CPU.ActiveCfg = Release|Any CPU
		{7B0F0228-2F57-4BF3-BCBB-1603E64C0328}.Release|Any CPU.Build.0 = Release|Any CPU
		{2A1F4D46-1BE8-4DCA-9681-58E0B9E12A21}.Debug|Any CPU.ActiveCfg = Debug|Any CPU
		{2A1F4D46-1BE8-4DCA-9681-58E0B9E12A21}.Debug|Any CPU.Build.0 = Debug|Any CPU
		{2A1F4D46-1BE8-4DCA-9681-58E0B9E12A21}.Release|Any CPU.ActiveCfg = Release|Any CPU
		{2A1F4D46-1BE8-4DCA-9681-58E0B9E12A21}.Release|Any CPU.Build.0 = Release|Any CPU
		{B349639E-DD2A-476F-A70C-F5E8617FACE8}.Debug|Any CPU.ActiveCfg = Debug|Any CPU
		{B349639E-DD2A-476F-A70C-F5E8617FACE8}.Debug|Any CPU.Build.0 = Debug|Any CPU
		{B349639E-DD2A-476F-A70C-F5E8617FACE8}.Release|Any CPU.ActiveCfg = Release|Any CPU
		{B349639E-DD2A-476F-A70C-F5E8617FACE8}.Release|Any CPU.Build.0 = Release|Any CPU
		{9A00675A-CDFD-49B6-B169-BCAC355C2159}.Debug|Any CPU.ActiveCfg = Debug|Any CPU
		{9A00675A-CDFD-49B6-B169-BCAC355C2159}.Debug|Any CPU.Build.0 = Debug|Any CPU
		{9A00675A-CDFD-49B6-B169-BCAC355C2159}.Release|Any CPU.ActiveCfg = Release|Any CPU
		{9A00675A-CDFD-49B6-B169-BCAC355C2159}.Release|Any CPU.Build.0 = Release|Any CPU
		{478B2AE1-8DEC-4097-97AE-7EA0E4A78047}.Debug|Any CPU.ActiveCfg = Debug|Any CPU
		{478B2AE1-8DEC-4097-97AE-7EA0E4A78047}.Debug|Any CPU.Build.0 = Debug|Any CPU
		{478B2AE1-8DEC-4097-97AE-7EA0E4A78047}.Release|Any CPU.ActiveCfg = Release|Any CPU
		{478B2AE1-8DEC-4097-97AE-7EA0E4A78047}.Release|Any CPU.Build.0 = Release|Any CPU
		{D96C80FF-F0A6-4F23-8800-F6A9F6610B3D}.Debug|Any CPU.ActiveCfg = Debug|Any CPU
		{D96C80FF-F0A6-4F23-8800-F6A9F6610B3D}.Debug|Any CPU.Build.0 = Debug|Any CPU
		{D96C80FF-F0A6-4F23-8800-F6A9F6610B3D}.Release|Any CPU.ActiveCfg = Release|Any CPU
		{D96C80FF-F0A6-4F23-8800-F6A9F6610B3D}.Release|Any CPU.Build.0 = Release|Any CPU
	EndGlobalSection
	GlobalSection(NestedProjects) = preSolution
		{E8BF0793-F82A-495E-96BB-41E1CDE00DB4} = {5CC775FA-2EFE-44DB-B887-B038A403F296}
		{886FA771-36A1-4C8B-B435-38264B8D7521} = {5CC775FA-2EFE-44DB-B887-B038A403F296}
		{1767B8AD-D04E-4AFB-9DE4-5ADB418A1D79} = {5CC775FA-2EFE-44DB-B887-B038A403F296}
		{7B0F0228-2F57-4BF3-BCBB-1603E64C0328} = {5CC775FA-2EFE-44DB-B887-B038A403F296}
		{2A1F4D46-1BE8-4DCA-9681-58E0B9E12A21} = {5CC775FA-2EFE-44DB-B887-B038A403F296}
		{9A00675A-CDFD-49B6-B169-BCAC355C2159} = {34872747-BA6F-47C1-A104-5905333047D4}
		{478B2AE1-8DEC-4097-97AE-7EA0E4A78047} = {3D9A5B3A-C1C0-4B0E-8981-5DD91A662387}
		{61FF4080-0C65-4BA0-9642-99CD9E9963A2} = {34872747-BA6F-47C1-A104-5905333047D4}
		{D96C80FF-F0A6-4F23-8800-F6A9F6610B3D} = {61FF4080-0C65-4BA0-9642-99CD9E9963A2}
	EndGlobalSection
EndGlobal
